{
  "requires": true,
  "lockfileVersion": 1,
  "dependencies": {
    "@babel/helper-validator-identifier": {
      "version": "7.18.6",
      "resolved": "https://registry.npmjs.org/@babel/helper-validator-identifier/-/helper-validator-identifier-7.18.6.tgz",
      "integrity": "sha512-MmetCkz9ej86nJQV+sFCxoGGrUbU3q02kgLciwkrt9QqEB7cP39oKEY0PakknEO0Gu20SskMRi+AYZ3b1TpN9g==",
      "dev": true
    },
    "@babel/parser": {
      "version": "7.18.6",
      "resolved": "https://registry.npmjs.org/@babel/parser/-/parser-7.18.6.tgz",
      "integrity": "sha512-uQVSa9jJUe/G/304lXspfWVpKpK4euFLgGiMQFOCpM/bgcAdeoHwi/OQz23O9GK2osz26ZiXRRV9aV+Yl1O8tw==",
      "dev": true
    },
    "@babel/types": {
      "version": "7.18.7",
      "resolved": "https://registry.npmjs.org/@babel/types/-/types-7.18.7.tgz",
      "integrity": "sha512-QG3yxTcTIBoAcQmkCs+wAPYZhu7Dk9rXKacINfNbdJDNERTbLQbHGyVG8q/YGMPeCJRIhSY0+fTc5+xuh6WPSQ==",
      "dev": true,
      "requires": {
        "@babel/helper-validator-identifier": "^7.18.6",
        "to-fast-properties": "^2.0.0"
      }
    },
    "@jest/types": {
      "version": "25.5.0",
      "resolved": "https://registry.npmjs.org/@jest/types/-/types-25.5.0.tgz",
      "integrity": "sha512-OXD0RgQ86Tu3MazKo8bnrkDRaDXXMGUqd+kTtLtK1Zb7CRzQcaSRPPPV37SvYTdevXEBVxe0HXylEjs8ibkmCw==",
      "dev": true,
      "requires": {
        "@types/istanbul-lib-coverage": "^2.0.0",
        "@types/istanbul-reports": "^1.1.1",
        "@types/yargs": "^15.0.0",
        "chalk": "^3.0.0"
      }
    },
    "@sinonjs/commons": {
      "version": "1.8.3",
      "resolved": "https://registry.npmjs.org/@sinonjs/commons/-/commons-1.8.3.tgz",
      "integrity": "sha512-xkNcLAn/wZaX14RPlwizcKicDk9G3F8m2nU3L7Ukm5zBgTwiT0wsoFAHx9Jq56fJA1z/7uKGtCRu16sOUCLIHQ==",
      "dev": true,
      "requires": {
        "type-detect": "4.0.8"
      }
    },
    "@sinonjs/fake-timers": {
      "version": "7.1.2",
      "resolved": "https://registry.npmjs.org/@sinonjs/fake-timers/-/fake-timers-7.1.2.tgz",
      "integrity": "sha512-iQADsW4LBMISqZ6Ci1dupJL9pprqwcVFTcOsEmQOEhW+KLCVn/Y4Jrvg2k19fIHCp+iFprriYPTdRcQR8NbUPg==",
      "dev": true,
      "requires": {
        "@sinonjs/commons": "^1.7.0"
      }
    },
    "@types/ansicolors": {
      "version": "0.0.33",
      "resolved": "https://registry.npmjs.org/@types/ansicolors/-/ansicolors-0.0.33.tgz",
      "integrity": "sha512-dVS1WW/BqYdwbv1H0Cgpq8ChV4VowUXz+R7pYKGEHhF+mdg/MibuE+6Et/GBxg6nfKKFVf2ZsQkyr7XNR2SqxA==",
      "dev": true
    },
    "@types/anymatch": {
      "version": "3.0.0",
      "resolved": "https://registry.npmjs.org/@types/anymatch/-/anymatch-3.0.0.tgz",
      "integrity": "sha512-qLChUo6yhpQ9k905NwL74GU7TxH+9UODwwQ6ICNI+O6EDMExqH/Cv9NsbmcZ7yC/rRXJ/AHCzfgjsFRY5fKjYw==",
      "dev": true,
      "requires": {
        "anymatch": "*"
      }
    },
    "@types/babel__core": {
      "version": "7.1.15",
      "resolved": "https://registry.npmjs.org/@types/babel__core/-/babel__core-7.1.15.tgz",
      "integrity": "sha512-bxlMKPDbY8x5h6HBwVzEOk2C8fb6SLfYQ5Jw3uBYuYF1lfWk/kbLd81la82vrIkBb0l+JdmrZaDikPrNxpS/Ew==",
      "dev": true,
      "requires": {
        "@babel/parser": "^7.1.0",
        "@babel/types": "^7.0.0",
        "@types/babel__generator": "*",
        "@types/babel__template": "*",
        "@types/babel__traverse": "*"
      }
    },
    "@types/babel__generator": {
      "version": "7.6.4",
      "resolved": "https://registry.npmjs.org/@types/babel__generator/-/babel__generator-7.6.4.tgz",
      "integrity": "sha512-tFkciB9j2K755yrTALxD44McOrk+gfpIpvC3sxHjRawj6PfnQxrse4Clq5y/Rq+G3mrBurMax/lG8Qn2t9mSsg==",
      "dev": true,
      "requires": {
        "@babel/types": "^7.0.0"
      }
    },
    "@types/babel__preset-env": {
      "version": "7.9.2",
      "resolved": "https://registry.npmjs.org/@types/babel__preset-env/-/babel__preset-env-7.9.2.tgz",
      "integrity": "sha512-epEgKQiqTDZdPgYwtriYK1GVAGcyVZVvvw2UatX3+95mogKGimebApcMEWLF12uhUbNIvX284CSQEavnV/OIgw==",
      "dev": true
    },
    "@types/babel__template": {
      "version": "7.4.1",
      "resolved": "https://registry.npmjs.org/@types/babel__template/-/babel__template-7.4.1.tgz",
      "integrity": "sha512-azBFKemX6kMg5Io+/rdGT0dkGreboUVR0Cdm3fz9QJWpaQGJRQXl7C+6hOTCZcMll7KFyEQpgbYI2lHdsS4U7g==",
      "dev": true,
      "requires": {
        "@babel/parser": "^7.1.0",
        "@babel/types": "^7.0.0"
      }
    },
    "@types/babel__traverse": {
      "version": "7.17.1",
      "resolved": "https://registry.npmjs.org/@types/babel__traverse/-/babel__traverse-7.17.1.tgz",
      "integrity": "sha512-kVzjari1s2YVi77D3w1yuvohV2idweYXMCDzqBiVNN63TcDWrIlTVOYpqVrvbbyOE/IyzBoTKF0fdnLPEORFxA==",
      "dev": true,
      "requires": {
        "@babel/types": "^7.3.0"
      }
    },
    "@types/bcrypt": {
      "version": "5.0.0",
      "resolved": "https://registry.npmjs.org/@types/bcrypt/-/bcrypt-5.0.0.tgz",
      "integrity": "sha512-agtcFKaruL8TmcvqbndlqHPSJgsolhf/qPWchFlgnW1gECTN/nKbFcoFnvKAQRFfKbh+BO6A3SWdJu9t+xF3Lw==",
      "dev": true,
      "requires": {
        "@types/node": "*"
      }
    },
    "@types/body-parser": {
      "version": "1.19.2",
      "resolved": "https://registry.npmjs.org/@types/body-parser/-/body-parser-1.19.2.tgz",
      "integrity": "sha512-ALYone6pm6QmwZoAgeyNksccT9Q4AWZQ6PvfwR37GT6r6FWUPguq6sUmNGSMV2Wr761oQoBxwGGa6DR5o1DC9g==",
      "dev": true,
      "requires": {
        "@types/connect": "*",
        "@types/node": "*"
      }
    },
    "@types/configstore": {
      "version": "5.0.1",
      "resolved": "https://registry.npmjs.org/@types/configstore/-/configstore-5.0.1.tgz",
      "integrity": "sha512-c/QCznvk7bLKGhHETj29rqKufui3jaAxjBhK4R2zUrMG5UG0qTwfWYxBoUbH8JCyDjdCWMIxPJ7/Fdz1UcAnWg==",
      "dev": true
    },
    "@types/connect": {
      "version": "3.4.35",
      "resolved": "https://registry.npmjs.org/@types/connect/-/connect-3.4.35.tgz",
      "integrity": "sha512-cdeYyv4KWoEgpBISTxWvqYsVy444DOqehiF3fM3ne10AmJ62RSyNkUnxMJXHQWRQQX2eR94m5y1IZyDwBjV9FQ==",
      "dev": true,
      "requires": {
        "@types/node": "*"
      }
    },
    "@types/cors": {
      "version": "2.8.12",
      "resolved": "https://registry.npmjs.org/@types/cors/-/cors-2.8.12.tgz",
      "integrity": "sha512-vt+kDhq/M2ayberEtJcIN/hxXy1Pk+59g2FV/ZQceeaTyCtCucjL2Q7FXlFjtWn4n15KCr1NE2lNNFhp0lEThw==",
      "dev": true
    },
    "@types/empower": {
      "version": "1.2.32",
      "resolved": "https://registry.npmjs.org/@types/empower/-/empower-1.2.32.tgz",
      "integrity": "sha512-eOVhBTyotB+I6VXdS8gE4J9eqdRzuohpxrV1X1v4WRWhUnmlB2sBKerqAAjw4WTQdQGcUOebRSeL3X991OiFiA==",
      "dev": true,
      "requires": {
        "@types/empower-core": "*",
        "@types/power-assert-formatter": "*"
      }
    },
    "@types/empower-core": {
      "version": "1.2.1",
      "resolved": "https://registry.npmjs.org/@types/empower-core/-/empower-core-1.2.1.tgz",
      "integrity": "sha512-Xil5SHiyOa/kgpw5iWwzCn1L5cL1r9eBOGeMVp7MNK21ibzewPF8UK71t5Sew3MhBYysR46jrD+sSxFw6/0BUA==",
      "dev": true
    },
    "@types/eslint": {
      "version": "7.28.0",
      "resolved": "https://registry.npmjs.org/@types/eslint/-/eslint-7.28.0.tgz",
      "integrity": "sha512-07XlgzX0YJUn4iG1ocY4IX9DzKSmMGUs6ESKlxWhZRaa0fatIWaHWUVapcuGa8r5HFnTqzj+4OCjd5f7EZ/i/A==",
      "dev": true,
      "requires": {
        "@types/estree": "*",
        "@types/json-schema": "*"
      }
    },
    "@types/eslint-config-prettier": {
      "version": "6.11.0",
      "resolved": "https://registry.npmjs.org/@types/eslint-config-prettier/-/eslint-config-prettier-6.11.0.tgz",
      "integrity": "sha512-UBuZMZVog9c9jXvArbYtWH570sRWNaU6kEnUAHsHb/+zAufzPT4I+gMkUR2dVPWlqiceoRU1thjUVdGrAWVpCA==",
      "dev": true
    },
    "@types/estree": {
      "version": "0.0.52",
      "resolved": "https://registry.npmjs.org/@types/estree/-/estree-0.0.52.tgz",
      "integrity": "sha512-BZWrtCU0bMVAIliIV+HJO1f1PR41M7NKjfxrFJwwhKI1KwhwOxYw1SXg9ao+CIMt774nFuGiG6eU+udtbEI9oQ==",
      "dev": true
    },
    "@types/express": {
      "version": "4.17.13",
      "resolved": "https://registry.npmjs.org/@types/express/-/express-4.17.13.tgz",
      "integrity": "sha512-6bSZTPaTIACxn48l50SR+axgrqm6qXFIxrdAKaG6PaJk3+zuUr35hBlgT7vOmJcum+OEaIBLtHV/qloEAFITeA==",
      "dev": true,
      "requires": {
        "@types/body-parser": "*",
        "@types/express-serve-static-core": "^4.17.18",
        "@types/qs": "*",
        "@types/serve-static": "*"
      }
    },
    "@types/express-serve-static-core": {
      "version": "4.17.29",
      "resolved": "https://registry.npmjs.org/@types/express-serve-static-core/-/express-serve-static-core-4.17.29.tgz",
      "integrity": "sha512-uMd++6dMKS32EOuw1Uli3e3BPgdLIXmezcfHv7N4c1s3gkhikBplORPpMq3fuWkxncZN1reb16d5n8yhQ80x7Q==",
      "dev": true,
      "requires": {
        "@types/node": "*",
        "@types/qs": "*",
        "@types/range-parser": "*"
      }
    },
    "@types/glob": {
      "version": "7.2.0",
      "resolved": "https://registry.npmjs.org/@types/glob/-/glob-7.2.0.tgz",
      "integrity": "sha512-ZUxbzKl0IfJILTS6t7ip5fQQM/J3TJYubDm3nMbgubNNYS62eXeUpoLUC8/7fJNiFYHTrGPQn7hspDUzIHX3UA==",
      "dev": true,
      "requires": {
        "@types/minimatch": "*",
        "@types/node": "*"
      }
    },
    "@types/istanbul": {
      "version": "0.4.30",
      "resolved": "https://registry.npmjs.org/@types/istanbul/-/istanbul-0.4.30.tgz",
      "integrity": "sha512-+hQU4fh2G96ze78uI5/V6+SRDZD1UnVrFn23i2eDetwfbBq3s0/zYP92xj/3qyvVMM3WnvS88N56zjz+HmL04A==",
      "dev": true
    },
    "@types/istanbul-lib-coverage": {
      "version": "2.0.4",
      "resolved": "https://registry.npmjs.org/@types/istanbul-lib-coverage/-/istanbul-lib-coverage-2.0.4.tgz",
      "integrity": "sha512-z/QT1XN4K4KYuslS23k62yDIDLwLFkzxOuMplDtObz0+y7VqJCaO2o+SPwHCvLFZh7xazvvoor2tA/hPz9ee7g==",
      "dev": true
    },
    "@types/istanbul-lib-report": {
      "version": "3.0.0",
      "resolved": "https://registry.npmjs.org/@types/istanbul-lib-report/-/istanbul-lib-report-3.0.0.tgz",
      "integrity": "sha512-plGgXAPfVKFoYfa9NpYDAkseG+g6Jr294RqeqcqDixSbU34MZVJRi/P+7Y8GDpzkEwLaGZZOpKIEmeVZNtKsrg==",
      "dev": true,
      "requires": {
        "@types/istanbul-lib-coverage": "*"
      }
    },
    "@types/istanbul-reports": {
      "version": "1.1.2",
      "resolved": "https://registry.npmjs.org/@types/istanbul-reports/-/istanbul-reports-1.1.2.tgz",
      "integrity": "sha512-P/W9yOX/3oPZSpaYOCQzGqgCQRXn0FFO/V8bWrCQs+wLmvVVxk6CRBXALEvNs9OHIatlnlFokfhuDo2ug01ciw==",
      "dev": true,
      "requires": {
        "@types/istanbul-lib-coverage": "*",
        "@types/istanbul-lib-report": "*"
      }
    },
    "@types/jest": {
      "version": "26.0.14",
      "resolved": "https://registry.npmjs.org/@types/jest/-/jest-26.0.14.tgz",
      "integrity": "sha512-Hz5q8Vu0D288x3iWXePSn53W7hAjP0H7EQ6QvDO9c7t46mR0lNOLlfuwQ+JkVxuhygHzlzPX+0jKdA3ZgSh+Vg==",
      "dev": true,
      "requires": {
        "jest-diff": "^25.2.1",
        "pretty-format": "^25.2.1"
      }
    },
    "@types/js-beautify": {
      "version": "1.13.2",
      "resolved": "https://registry.npmjs.org/@types/js-beautify/-/js-beautify-1.13.2.tgz",
      "integrity": "sha512-crV/441NhrynLIclg94i1wV6nX/6rU9ByUyn4muCrsL0HPd3nBzrt6kpQ9MQOB+HeYgLcRARteNJcbnYkp5OwA==",
      "dev": true
    },
    "@types/jsdoc-to-markdown": {
      "version": "7.0.1",
      "resolved": "https://registry.npmjs.org/@types/jsdoc-to-markdown/-/jsdoc-to-markdown-7.0.1.tgz",
      "integrity": "sha512-awGyJGrqtZtdYZu6Fnhm0KxStA6ZivTszmS0JrM7G/xm9YZrmlkP9+1drXIMHjYT+b8Wd3F08pZCv73ZOq21Dg==",
      "dev": true
    },
    "@types/json-schema": {
      "version": "7.0.11",
      "resolved": "https://registry.npmjs.org/@types/json-schema/-/json-schema-7.0.11.tgz",
      "integrity": "sha512-wOuvG1SN4Us4rez+tylwwwCV1psiNVOkJeM3AUWUNWg/jDQY2+HE/444y5gc+jBmRqASOm2Oeh5c1axHobwRKQ==",
      "dev": true
    },
    "@types/karma": {
      "version": "6.3.1",
      "resolved": "https://registry.npmjs.org/@types/karma/-/karma-6.3.1.tgz",
      "integrity": "sha512-t7hSJ8oWrgzrJV0nBqqMrDnQFft/W3WCPOfSi2aOq7rUPARLC8XpZfbsQ+mfYaNk18v1XqkBU12uirp1ISJVAA==",
      "dev": true,
      "requires": {
        "@types/node": "*",
        "log4js": "^6.2.1"
      }
    },
    "@types/karma-chrome-launcher": {
      "version": "3.1.1",
      "resolved": "https://registry.npmjs.org/@types/karma-chrome-launcher/-/karma-chrome-launcher-3.1.1.tgz",
      "integrity": "sha512-Yh4CuoVjpcXh+p+TPKZC6AlodS4w9217Y+uWy1jNkhX/9+wuvSiyE0uD8SaZCkpWVoJUisuhC8eS4QpZ6EKCtQ==",
      "dev": true,
      "requires": {
        "@types/karma": "*"
      }
    },
    "@types/karma-coverage": {
      "version": "2.0.1",
      "resolved": "https://registry.npmjs.org/@types/karma-coverage/-/karma-coverage-2.0.1.tgz",
      "integrity": "sha512-A5aJSn2IVJAy6XJl3zC8xAk78pqcj1dSAc9s0QPj3jnsmEpK5cGKmCTVVD7CYX8iEFk0C+IuSiS5YPVbacreSg==",
      "dev": true,
      "requires": {
        "@types/istanbul": "*",
        "@types/karma": "*"
      }
    },
    "@types/karma-coverage-istanbul-reporter": {
      "version": "2.1.1",
      "resolved": "https://registry.npmjs.org/@types/karma-coverage-istanbul-reporter/-/karma-coverage-istanbul-reporter-2.1.1.tgz",
      "integrity": "sha512-3AJUhmILCLjaXFSYtNmzpzgMZVojpjhxfdMq1V4iMohRhMg2lJE64xYt1+IzaKCcGHkuCBD/OH55+fy9PtD6sA==",
      "dev": true
    },
    "@types/karma-mocha": {
      "version": "1.3.1",
      "resolved": "https://registry.npmjs.org/@types/karma-mocha/-/karma-mocha-1.3.1.tgz",
      "integrity": "sha512-rjzUNM4bWkBXJgGIM9eVx93SMYB27yLKNJYrzcLJOw7EexONk6MRERr7dLHZcvyQ/2IwR8t7K5Lwx4cgWlRjdA==",
      "dev": true,
      "requires": {
        "@types/karma": "*"
      }
    },
    "@types/karma-mocha-reporter": {
      "version": "2.2.1",
      "resolved": "https://registry.npmjs.org/@types/karma-mocha-reporter/-/karma-mocha-reporter-2.2.1.tgz",
      "integrity": "sha512-AC7f6Tzhvsm3gFqmfLtlGcruI8YICbCU1RmnhaqXqHVauPcGhBT5aDy4gRNCNI9XYYDYhPmQK7v+xKXWtZVyFg==",
      "dev": true,
      "requires": {
        "@types/karma": "*"
      }
    },
    "@types/karma-webpack": {
      "version": "2.0.8",
      "resolved": "https://registry.npmjs.org/@types/karma-webpack/-/karma-webpack-2.0.8.tgz",
      "integrity": "sha512-BT09qIvUZR5FNO2W1DsxrpJogZp9+3/LCBB3jjumJg0E1gV6mpcAZu9cTivHfz24l4VQJCVh/jMZioS/leg+Pw==",
      "dev": true,
      "requires": {
        "@types/karma": "*",
        "@types/webpack": "*",
        "@types/webpack-dev-middleware": "^3"
      }
    },
    "@types/lodash": {
      "version": "4.14.172",
      "resolved": "https://registry.npmjs.org/@types/lodash/-/lodash-4.14.172.tgz",
      "integrity": "sha512-/BHF5HAx3em7/KkzVKm3LrsD6HZAXuXO1AJZQ3cRRBZj4oHZDviWPYu0aEplAqDFNHZPW6d3G7KN+ONcCCC7pw==",
      "dev": true
    },
    "@types/lodash.clonedeep": {
      "version": "4.5.6",
      "resolved": "https://registry.npmjs.org/@types/lodash.clonedeep/-/lodash.clonedeep-4.5.6.tgz",
      "integrity": "sha512-cE1jYr2dEg1wBImvXlNtp0xDoS79rfEdGozQVgliDZj1uERH4k+rmEMTudP9b4VQ8O6nRb5gPqft0QzEQGMQgA==",
      "dev": true,
      "requires": {
        "@types/lodash": "*"
      }
    },
    "@types/memory-fs": {
      "version": "0.3.3",
      "resolved": "https://registry.npmjs.org/@types/memory-fs/-/memory-fs-0.3.3.tgz",
      "integrity": "sha512-rLEYzl1xODshz+Lm+YX8NYws8Xw7/qcYbQInMkotl96VpLZmUvoCfYYGxfajMSiugANV02QO5Fc+R98KKeE4gQ==",
      "dev": true,
      "requires": {
        "@types/node": "*"
      }
    },
    "@types/mime": {
      "version": "1.3.2",
      "resolved": "https://registry.npmjs.org/@types/mime/-/mime-1.3.2.tgz",
      "integrity": "sha512-YATxVxgRqNH6nHEIsvg6k2Boc1JHI9ZbH5iWFFv/MTkchz3b1ieGDa5T0a9RznNdI0KhVbdbWSN+KWWrQZRxTw==",
      "dev": true
    },
    "@types/minimatch": {
      "version": "3.0.5",
      "resolved": "https://registry.npmjs.org/@types/minimatch/-/minimatch-3.0.5.tgz",
      "integrity": "sha512-Klz949h02Gz2uZCMGwDUSDS1YBlTdDDgbWHi+81l29tQALUtvz4rAYi5uoVhE5Lagoq6DeqAUlbrHvW/mXDgdQ==",
      "dev": true
    },
    "@types/mocha": {
      "version": "9.0.0",
      "resolved": "https://registry.npmjs.org/@types/mocha/-/mocha-9.0.0.tgz",
      "integrity": "sha512-scN0hAWyLVAvLR9AyW7HoFF5sJZglyBsbPuHO4fv7JRvfmPBMfp1ozWqOf/e4wwPNxezBZXRfWzMb6iFLgEVRA==",
      "dev": true
    },
    "@types/mz": {
      "version": "2.7.4",
      "resolved": "https://registry.npmjs.org/@types/mz/-/mz-2.7.4.tgz",
      "integrity": "sha512-Zs0imXxyWT20j3Z2NwKpr0IO2LmLactBblNyLua5Az4UHuqOQ02V3jPTgyKwDkuc33/ahw+C3O1PIZdrhFMuQA==",
      "dev": true,
      "requires": {
        "@types/node": "*"
      }
    },
    "@types/node": {
      "version": "16.6.2",
      "resolved": "https://registry.npmjs.org/@types/node/-/node-16.6.2.tgz",
      "integrity": "sha512-LSw8TZt12ZudbpHc6EkIyDM3nHVWKYrAvGy6EAJfNfjusbwnThqjqxUKKRwuV3iWYeW/LYMzNgaq3MaLffQ2xA==",
      "dev": true
    },
    "@types/node-fetch": {
      "version": "2.5.12",
      "resolved": "https://registry.npmjs.org/@types/node-fetch/-/node-fetch-2.5.12.tgz",
      "integrity": "sha512-MKgC4dlq4kKNa/mYrwpKfzQMB5X3ee5U6fSprkKpToBqBmX4nFZL9cW5jl6sWn+xpRJ7ypWh2yyqqr8UUCstSw==",
      "dev": true,
      "requires": {
        "@types/node": "*",
        "form-data": "^3.0.0"
      }
    },
    "@types/nodemon": {
      "version": "1.19.1",
      "resolved": "https://registry.npmjs.org/@types/nodemon/-/nodemon-1.19.1.tgz",
      "integrity": "sha512-3teAFqCFba3W9zk4dAGUZ+rW/nrQBrSGXWyK9HfJuWxmITk2z2d3u/5cy7oFqNG2fZxPwSAWkP+a8q/QC6UU5Q==",
      "dev": true,
      "requires": {
        "@types/node": "*"
      }
    },
    "@types/nopt": {
      "version": "3.0.29",
      "resolved": "https://registry.npmjs.org/@types/nopt/-/nopt-3.0.29.tgz",
      "integrity": "sha512-PAO73Sc7+IiTIuPY1r/l+TgdIK4lugz5QxPaQ25EsjBBuZAw8OOtNEEGXvGciYwWa+JBE5wNQ8mR6nJE+H2csQ==",
      "dev": true
    },
    "@types/npmlog": {
      "version": "4.1.3",
      "resolved": "https://registry.npmjs.org/@types/npmlog/-/npmlog-4.1.3.tgz",
      "integrity": "sha512-1TcL7YDYCtnHmLhTWbum+IIwLlvpaHoEKS2KNIngEwLzwgDeHaebaEHHbQp8IqzNQ9IYiboLKUjAf7MZqG63+w==",
      "dev": true
    },
    "@types/object-assign": {
      "version": "4.0.30",
      "resolved": "https://registry.npmjs.org/@types/object-assign/-/object-assign-4.0.30.tgz",
      "integrity": "sha512-HhE8gFfLj321pa6OE59QmOdL5NgIOhkdYn7MWnZTOcHOms8XFzNgr9+A0/GbN0XEX9wTM58yg4YXKhGr69QIUw==",
      "dev": true
    },
    "@types/power-assert": {
      "version": "1.5.4",
      "resolved": "https://registry.npmjs.org/@types/power-assert/-/power-assert-1.5.4.tgz",
      "integrity": "sha512-3Eru7OZxI97aQ75lc0tmnWjaeZbW8+AimKzoaBRn5wpkwkj90IIxRD986cTEedQ6fqBFeMpcrOGHarPehOsWjg==",
      "dev": true,
      "requires": {
        "@types/empower": "*",
        "@types/power-assert-formatter": "*"
      }
    },
    "@types/power-assert-formatter": {
      "version": "1.4.30",
      "resolved": "https://registry.npmjs.org/@types/power-assert-formatter/-/power-assert-formatter-1.4.30.tgz",
      "integrity": "sha512-QpLIRAdxW9dgGanSJc18RL1J8IYYHRarrkC2fuXxtBFC37PPcfquJiVzj12j5WR3LbVyK4n2FcRBZ11JckjXyA==",
      "dev": true
    },
    "@types/prettier": {
      "version": "2.2.3",
      "resolved": "https://registry.npmjs.org/@types/prettier/-/prettier-2.2.3.tgz",
      "integrity": "sha512-PijRCG/K3s3w1We6ynUKdxEc5AcuuH3NBmMDP8uvKVp6X43UY7NQlTzczakXP3DJR0F4dfNQIGjU2cUeRYs2AA==",
      "dev": true
    },
    "@types/qs": {
      "version": "6.9.7",
      "resolved": "https://registry.npmjs.org/@types/qs/-/qs-6.9.7.tgz",
      "integrity": "sha512-FGa1F62FT09qcrueBA6qYTrJPVDzah9a+493+o2PCXsesWHIn27G98TsSMs3WPNbZIEj4+VJf6saSFpvD+3Zsw==",
      "dev": true
    },
    "@types/range-parser": {
      "version": "1.2.4",
      "resolved": "https://registry.npmjs.org/@types/range-parser/-/range-parser-1.2.4.tgz",
      "integrity": "sha512-EEhsLsD6UsDM1yFhAvy0Cjr6VwmpMWqFBCb9w07wVugF7w9nfajxLuVmngTIpgS6svCnm6Vaw+MZhoDCKnOfsw==",
      "dev": true
    },
    "@types/rimraf": {
      "version": "3.0.2",
      "resolved": "https://registry.npmjs.org/@types/rimraf/-/rimraf-3.0.2.tgz",
      "integrity": "sha512-F3OznnSLAUxFrCEu/L5PY8+ny8DtcFRjx7fZZ9bycvXRi3KPTRS9HOitGZwvPg0juRhXFWIeKX58cnX5YqLohQ==",
      "dev": true,
      "requires": {
        "@types/glob": "*",
        "@types/node": "*"
      }
    },
    "@types/serve-static": {
      "version": "1.13.10",
      "resolved": "https://registry.npmjs.org/@types/serve-static/-/serve-static-1.13.10.tgz",
      "integrity": "sha512-nCkHGI4w7ZgAdNkrEu0bv+4xNV/XDqW+DydknebMOQwkpDGx8G+HTlj7R7ABI8i8nKxVw0wtKPi1D+lPOkh4YQ==",
      "dev": true,
      "requires": {
        "@types/mime": "^1",
        "@types/node": "*"
      }
    },
    "@types/sinon": {
      "version": "10.0.2",
      "resolved": "https://registry.npmjs.org/@types/sinon/-/sinon-10.0.2.tgz",
      "integrity": "sha512-BHn8Bpkapj8Wdfxvh2jWIUoaYB/9/XhsL0oOvBfRagJtKlSl9NWPcFOz2lRukI9szwGxFtYZCTejJSqsGDbdmw==",
      "dev": true,
      "requires": {
        "@sinonjs/fake-timers": "^7.1.0"
      }
    },
    "@types/source-list-map": {
      "version": "0.1.2",
      "resolved": "https://registry.npmjs.org/@types/source-list-map/-/source-list-map-0.1.2.tgz",
      "integrity": "sha512-K5K+yml8LTo9bWJI/rECfIPrGgxdpeNbj+d53lwN4QjW1MCwlkhUms+gtdzigTeUyBr09+u8BwOIY3MXvHdcsA==",
      "dev": true
    },
    "@types/sqlite3": {
      "version": "3.1.7",
      "resolved": "https://registry.npmjs.org/@types/sqlite3/-/sqlite3-3.1.7.tgz",
      "integrity": "sha512-8FHV/8Uzd7IwdHm5mvmF2Aif4aC/gjrt4axWD9SmfaxITnOjtOhCbOSTuqv/VbH1uq0QrwlaTj9aTz3gmR6u4w==",
      "dev": true,
      "requires": {
        "@types/node": "*"
      }
    },
    "@types/tapable": {
      "version": "2.2.2",
      "resolved": "https://registry.npmjs.org/@types/tapable/-/tapable-2.2.2.tgz",
      "integrity": "sha512-ujqOVJEeLcwpDVJPnp/k3u1UXmTKq5urJq9fO8aUKg8Vlel5RNOFbVKEfqfh6wGfF/M+HiTJlBJMLC1aDfyf0Q==",
      "dev": true,
      "requires": {
        "tapable": "^2.2.0"
      }
    },
    "@types/uglify-js": {
      "version": "3.16.0",
      "resolved": "https://registry.npmjs.org/@types/uglify-js/-/uglify-js-3.16.0.tgz",
      "integrity": "sha512-0yeUr92L3r0GLRnBOvtYK1v2SjqMIqQDHMl7GLb+l2L8+6LSFWEEWEIgVsPdMn5ImLM8qzWT8xFPtQYpp8co0g==",
      "dev": true,
      "requires": {
        "source-map": "^0.6.1"
      }
    },
    "@types/update-notifier": {
      "version": "5.1.0",
      "resolved": "https://registry.npmjs.org/@types/update-notifier/-/update-notifier-5.1.0.tgz",
      "integrity": "sha512-aGY5pH1Q/DcToKXl4MCj1c0uDUB+zSVFDRCI7Q7js5sguzBTqJV/5kJA2awofbtWYF3xnon1TYdZYnFditRPtQ==",
      "dev": true,
      "requires": {
        "@types/configstore": "*",
        "boxen": "^4.2.0"
      }
    },
    "@types/vary": {
      "version": "1.1.0",
      "resolved": "https://registry.npmjs.org/@types/vary/-/vary-1.1.0.tgz",
      "integrity": "sha512-LQWqrIa0dvEOOH37lGksMEXbypRLUFqu6Gx0pmX7zIUisD2I/qaVgEX/vJ/PSVSW0Hk6yz1BNkFpqg6dZm3Wug==",
      "dev": true,
      "requires": {
        "@types/node": "*"
      }
    },
    "@types/webpack": {
      "version": "4.41.26",
      "resolved": "https://registry.npmjs.org/@types/webpack/-/webpack-4.41.26.tgz",
      "integrity": "sha512-7ZyTfxjCRwexh+EJFwRUM+CDB2XvgHl4vfuqf1ZKrgGvcS5BrNvPQqJh3tsZ0P6h6Aa1qClVHaJZszLPzpqHeA==",
      "dev": true,
      "requires": {
        "@types/anymatch": "*",
        "@types/node": "*",
        "@types/tapable": "*",
        "@types/uglify-js": "*",
        "@types/webpack-sources": "*",
        "source-map": "^0.6.0"
      }
    },
    "@types/webpack-dev-middleware": {
      "version": "3.7.5",
      "resolved": "https://registry.npmjs.org/@types/webpack-dev-middleware/-/webpack-dev-middleware-3.7.5.tgz",
      "integrity": "sha512-jHcCoRc2Hh6oDozoc27ibKAqrfn8nlewheoFV704EMJqheaOe7HxZZp9Q39bPh2eUDLtEJApLNQy6l20yT/4jA==",
      "dev": true,
      "requires": {
        "@types/connect": "*",
        "@types/memory-fs": "*",
        "@types/webpack": "^4",
        "loglevel": "^1.6.2"
      }
    },
    "@types/webpack-sources": {
      "version": "3.2.0",
      "resolved": "https://registry.npmjs.org/@types/webpack-sources/-/webpack-sources-3.2.0.tgz",
      "integrity": "sha512-Ft7YH3lEVRQ6ls8k4Ff1oB4jN6oy/XmU6tQISKdhfh+1mR+viZFphS6WL0IrtDOzvefmJg5a0s7ZQoRXwqTEFg==",
      "dev": true,
      "requires": {
        "@types/node": "*",
        "@types/source-list-map": "*",
        "source-map": "^0.7.3"
      },
      "dependencies": {
        "source-map": {
          "version": "0.7.4",
          "resolved": "https://registry.npmjs.org/source-map/-/source-map-0.7.4.tgz",
          "integrity": "sha512-l3BikUxvPOcn5E74dZiq5BGsTb5yEwhaTSzccU6t4sDOH8NWJCstKO5QT2CvtFoK6F0saL7p9xHAqHOlCPJygA==",
          "dev": true
        }
      }
    },
    "@types/yargs": {
      "version": "15.0.14",
      "resolved": "https://registry.npmjs.org/@types/yargs/-/yargs-15.0.14.tgz",
      "integrity": "sha512-yEJzHoxf6SyQGhBhIYGXQDSCkJjB6HohDShto7m8vaKg9Yp0Yn8+71J9eakh2bnPg6BfsH9PRMhiRTZnd4eXGQ==",
      "dev": true,
      "requires": {
        "@types/yargs-parser": "*"
      }
    },
    "@types/yargs-parser": {
      "version": "21.0.0",
      "resolved": "https://registry.npmjs.org/@types/yargs-parser/-/yargs-parser-21.0.0.tgz",
      "integrity": "sha512-iO9ZQHkZxHn4mSakYV0vFHAVDyEOIJQrV2uZ06HxEPcx+mt8swXoZHIbaaJ2crJYFfErySgktuTZ3BeLz+XmFA==",
      "dev": true
    },
    "ansi-align": {
      "version": "3.0.1",
      "resolved": "https://registry.npmjs.org/ansi-align/-/ansi-align-3.0.1.tgz",
      "integrity": "sha512-IOfwwBF5iczOjp/WeY4YxyjqAFMQoZufdQWDd19SEExbVLNXqvpzSJ/M7Za4/sCPmQ0+GRquoA7bGcINcxew6w==",
      "dev": true,
      "requires": {
        "string-width": "^4.1.0"
      }
    },
    "ansi-regex": {
      "version": "5.0.1",
      "resolved": "https://registry.npmjs.org/ansi-regex/-/ansi-regex-5.0.1.tgz",
      "integrity": "sha512-quJQXlTSUGL2LH9SUXo8VwsY4soanhgo6LNSm84E1LBcE8s3O0wpdiRzyR9z/ZZJMlMWv37qOOb9pdJlMUEKFQ==",
      "dev": true
    },
    "ansi-styles": {
      "version": "4.3.0",
      "resolved": "https://registry.npmjs.org/ansi-styles/-/ansi-styles-4.3.0.tgz",
      "integrity": "sha512-zbB9rCJAT1rbjiVDb2hqKFHNYLxgtk8NURxZ3IZwD3F6NtxbXZQCnnSi1Lkx+IDohdPlFp222wVALIheZJQSEg==",
      "dev": true,
      "requires": {
        "color-convert": "^2.0.1"
      }
    },
    "anymatch": {
      "version": "3.1.2",
      "resolved": "https://registry.npmjs.org/anymatch/-/anymatch-3.1.2.tgz",
      "integrity": "sha512-P43ePfOAIupkguHUycrc4qJ9kz8ZiuOUijaETwX7THt0Y/GNK7v0aa8rY816xWjZ7rJdA5XdMcpVFTKMq+RvWg==",
      "dev": true,
      "requires": {
        "normalize-path": "^3.0.0",
        "picomatch": "^2.0.4"
      }
    },
    "asynckit": {
      "version": "0.4.0",
      "resolved": "https://registry.npmjs.org/asynckit/-/asynckit-0.4.0.tgz",
      "integrity": "sha512-Oei9OH4tRh0YqU3GxhX79dM/mwVgvbZJaSNaRk+bshkj0S5cfHcgYakreBjrHwatXKbz+IoIdYLxrKim2MjW0Q==",
      "dev": true
    },
    "boxen": {
      "version": "4.2.0",
      "resolved": "https://registry.npmjs.org/boxen/-/boxen-4.2.0.tgz",
      "integrity": "sha512-eB4uT9RGzg2odpER62bBwSLvUeGC+WbRjjyyFhGsKnc8wp/m0+hQsMUvUe3H2V0D5vw0nBdO1hCJoZo5mKeuIQ==",
      "dev": true,
      "requires": {
        "ansi-align": "^3.0.0",
        "camelcase": "^5.3.1",
        "chalk": "^3.0.0",
        "cli-boxes": "^2.2.0",
        "string-width": "^4.1.0",
        "term-size": "^2.1.0",
        "type-fest": "^0.8.1",
        "widest-line": "^3.1.0"
      }
    },
    "camelcase": {
      "version": "5.3.1",
      "resolved": "https://registry.npmjs.org/camelcase/-/camelcase-5.3.1.tgz",
      "integrity": "sha512-L28STB170nwWS63UjtlEOE3dldQApaJXZkOI1uMFfzf3rRuPegHaHesyee+YxQ+W6SvRDQV6UrdOdRiR153wJg==",
      "dev": true
    },
    "chalk": {
      "version": "3.0.0",
      "resolved": "https://registry.npmjs.org/chalk/-/chalk-3.0.0.tgz",
      "integrity": "sha512-4D3B6Wf41KOYRFdszmDqMCGq5VV/uMAB273JILmO+3jAlh8X4qDtdtgCR3fxtbLEMzSx22QdhnDcJvu2u1fVwg==",
      "dev": true,
      "requires": {
        "ansi-styles": "^4.1.0",
        "supports-color": "^7.1.0"
      }
    },
    "cli-boxes": {
      "version": "2.2.1",
      "resolved": "https://registry.npmjs.org/cli-boxes/-/cli-boxes-2.2.1.tgz",
      "integrity": "sha512-y4coMcylgSCdVinjiDBuR8PCC2bLjyGTwEmPb9NHR/QaNU6EUOXcTY/s6VjGMD6ENSEaeQYHCY0GNGS5jfMwPw==",
      "dev": true
    },
    "color-convert": {
      "version": "2.0.1",
      "resolved": "https://registry.npmjs.org/color-convert/-/color-convert-2.0.1.tgz",
      "integrity": "sha512-RRECPsj7iu/xb5oKYcsFHSppFNnsj/52OVTRKb4zP5onXwVF3zVmmToNcOfGC+CRDpfK/U584fMg38ZHCaElKQ==",
      "dev": true,
      "requires": {
        "color-name": "~1.1.4"
      }
    },
    "color-name": {
      "version": "1.1.4",
      "resolved": "https://registry.npmjs.org/color-name/-/color-name-1.1.4.tgz",
      "integrity": "sha512-dOy+3AuW3a2wNbZHIuMZpTcgjGuLU/uBL/ubcZF9OXbDo8ff4O8yVp5Bf0efS8uEoYo5q4Fx7dY9OgQGXgAsQA==",
      "dev": true
    },
    "combined-stream": {
      "version": "1.0.8",
      "resolved": "https://registry.npmjs.org/combined-stream/-/combined-stream-1.0.8.tgz",
      "integrity": "sha512-FQN4MRfuJeHf7cBbBMJFXhKSDq+2kAArBlmRBvcvFE5BB1HZKXtSFASDhdlz9zOYwxh8lDdnvmMOe/+5cdoEdg==",
      "dev": true,
      "requires": {
        "delayed-stream": "~1.0.0"
      }
    },
    "date-format": {
      "version": "4.0.11",
      "resolved": "https://registry.npmjs.org/date-format/-/date-format-4.0.11.tgz",
      "integrity": "sha512-VS20KRyorrbMCQmpdl2hg5KaOUsda1RbnsJg461FfrcyCUg+pkd0b40BSW4niQyTheww4DBXQnS7HwSrKkipLw==",
      "dev": true
    },
    "debug": {
      "version": "4.3.4",
      "resolved": "https://registry.npmjs.org/debug/-/debug-4.3.4.tgz",
      "integrity": "sha512-PRWFHuSU3eDtQJPvnNY7Jcket1j0t5OuOsFzPPzsekD52Zl8qUfFIPEiswXqIvHWGVHOgX+7G/vCNNhehwxfkQ==",
      "dev": true,
      "requires": {
        "ms": "2.1.2"
      }
    },
    "delayed-stream": {
      "version": "1.0.0",
      "resolved": "https://registry.npmjs.org/delayed-stream/-/delayed-stream-1.0.0.tgz",
      "integrity": "sha512-ZySD7Nf91aLB0RxL4KGrKHBXl7Eds1DAmEdcoVawXnLD7SDhpNgtuII2aAkg7a7QS41jxPSZ17p4VdGnMHk3MQ==",
      "dev": true
    },
    "diff-sequences": {
      "version": "25.2.6",
      "resolved": "https://registry.npmjs.org/diff-sequences/-/diff-sequences-25.2.6.tgz",
      "integrity": "sha512-Hq8o7+6GaZeoFjtpgvRBUknSXNeJiCx7V9Fr94ZMljNiCr9n9L8H8aJqgWOQiDDGdyn29fRNcDdRVJ5fdyihfg==",
      "dev": true
    },
    "emoji-regex": {
      "version": "8.0.0",
      "resolved": "https://registry.npmjs.org/emoji-regex/-/emoji-regex-8.0.0.tgz",
      "integrity": "sha512-MSjYzcWNOA0ewAHpz0MxpYFvwg6yjy1NG3xteoqz644VCo/RPgnr1/GGt+ic3iJTzQ8Eu3TdM14SawnVUmGE6A==",
      "dev": true
    },
    "flatted": {
      "version": "3.2.6",
      "resolved": "https://registry.npmjs.org/flatted/-/flatted-3.2.6.tgz",
      "integrity": "sha512-0sQoMh9s0BYsm+12Huy/rkKxVu4R1+r96YX5cG44rHV0pQ6iC3Q+mkoMFaGWObMFYQxCVT+ssG1ksneA2MI9KQ==",
      "dev": true
    },
    "form-data": {
      "version": "3.0.1",
      "resolved": "https://registry.npmjs.org/form-data/-/form-data-3.0.1.tgz",
      "integrity": "sha512-RHkBKtLWUVwd7SqRIvCZMEvAMoGUp0XU+seQiZejj0COz3RI3hWP4sCv3gZWWLjJTd7rGwcsF5eKZGii0r/hbg==",
      "dev": true,
      "requires": {
        "asynckit": "^0.4.0",
        "combined-stream": "^1.0.8",
        "mime-types": "^2.1.12"
      }
    },
    "fs-extra": {
      "version": "10.1.0",
      "resolved": "https://registry.npmjs.org/fs-extra/-/fs-extra-10.1.0.tgz",
      "integrity": "sha512-oRXApq54ETRj4eMiFzGnHWGy+zo5raudjuxN0b8H7s/RU2oW0Wvsx9O0ACRN/kRq9E8Vu/ReskGB5o3ji+FzHQ==",
      "dev": true,
      "requires": {
        "graceful-fs": "^4.2.0",
        "jsonfile": "^6.0.1",
        "universalify": "^2.0.0"
      }
    },
    "graceful-fs": {
      "version": "4.2.10",
      "resolved": "https://registry.npmjs.org/graceful-fs/-/graceful-fs-4.2.10.tgz",
      "integrity": "sha512-9ByhssR2fPVsNZj478qUUbKfmL0+t5BDVyjShtyZZLiK7ZDAArFFfopyOTj0M05wE2tJPisA4iTnnXl2YoPvOA==",
      "dev": true
    },
    "has-flag": {
      "version": "4.0.0",
      "resolved": "https://registry.npmjs.org/has-flag/-/has-flag-4.0.0.tgz",
      "integrity": "sha512-EykJT/Q1KjTWctppgIAgfSO0tKVuZUjhgMr17kqTumMl6Afv3EISleU7qZUzoXDFTAHTDC4NOoG/ZxU3EvlMPQ==",
      "dev": true
    },
    "is-fullwidth-code-point": {
      "version": "3.0.0",
      "resolved": "https://registry.npmjs.org/is-fullwidth-code-point/-/is-fullwidth-code-point-3.0.0.tgz",
      "integrity": "sha512-zymm5+u+sCsSWyD9qNaejV3DFvhCKclKdizYaJUuHA83RLjb7nSuGnddCHGv0hk+KY7BMAlsWeK4Ueg6EV6XQg==",
      "dev": true
    },
    "jest-diff": {
      "version": "25.5.0",
      "resolved": "https://registry.npmjs.org/jest-diff/-/jest-diff-25.5.0.tgz",
      "integrity": "sha512-z1kygetuPiREYdNIumRpAHY6RXiGmp70YHptjdaxTWGmA085W3iCnXNx0DhflK3vwrKmrRWyY1wUpkPMVxMK7A==",
      "dev": true,
      "requires": {
        "chalk": "^3.0.0",
        "diff-sequences": "^25.2.6",
        "jest-get-type": "^25.2.6",
        "pretty-format": "^25.5.0"
      }
    },
    "jest-get-type": {
      "version": "25.2.6",
      "resolved": "https://registry.npmjs.org/jest-get-type/-/jest-get-type-25.2.6.tgz",
      "integrity": "sha512-DxjtyzOHjObRM+sM1knti6or+eOgcGU4xVSb2HNP1TqO4ahsT+rqZg+nyqHWJSvWgKC5cG3QjGFBqxLghiF/Ig==",
      "dev": true
    },
    "jsonfile": {
      "version": "6.1.0",
      "resolved": "https://registry.npmjs.org/jsonfile/-/jsonfile-6.1.0.tgz",
      "integrity": "sha512-5dgndWOriYSm5cnYaJNhalLNDKOqFwyDB/rr1E9ZsGciGvKPs8R2xYGCacuf3z6K1YKDz182fd+fY3cn3pMqXQ==",
      "dev": true,
      "requires": {
        "graceful-fs": "^4.1.6",
        "universalify": "^2.0.0"
      }
    },
    "log4js": {
      "version": "6.6.0",
      "resolved": "https://registry.npmjs.org/log4js/-/log4js-6.6.0.tgz",
      "integrity": "sha512-3v8R7fd45UB6THucSht6wN2/7AZEruQbXdjygPZcxt5TA/msO6si9CN5MefUuKXbYnJHTBnYcx4famwcyQd+sA==",
      "dev": true,
      "requires": {
        "date-format": "^4.0.11",
        "debug": "^4.3.4",
        "flatted": "^3.2.5",
        "rfdc": "^1.3.0",
        "streamroller": "^3.1.1"
      }
    },
    "loglevel": {
      "version": "1.8.0",
      "resolved": "https://registry.npmjs.org/loglevel/-/loglevel-1.8.0.tgz",
      "integrity": "sha512-G6A/nJLRgWOuuwdNuA6koovfEV1YpqqAG4pRUlFaz3jj2QNZ8M4vBqnVA+HBTmU/AMNUtlOsMmSpF6NyOjztbA==",
      "dev": true
    },
    "mime-db": {
      "version": "1.52.0",
      "resolved": "https://registry.npmjs.org/mime-db/-/mime-db-1.52.0.tgz",
      "integrity": "sha512-sPU4uV7dYlvtWJxwwxHD0PuihVNiE7TyAbQ5SWxDCB9mUYvOgroQOwYQQOKPJ8CIbE+1ETVlOoK1UC2nU3gYvg==",
      "dev": true
    },
    "mime-types": {
      "version": "2.1.35",
      "resolved": "https://registry.npmjs.org/mime-types/-/mime-types-2.1.35.tgz",
      "integrity": "sha512-ZDY+bPm5zTTF+YpCrAU9nK0UgICYPT0QtT1NZWFv4s++TNkcgVaT0g6+4R2uI4MjQjzysHB1zxuWL50hzaeXiw==",
      "dev": true,
      "requires": {
        "mime-db": "1.52.0"
      }
    },
    "ms": {
      "version": "2.1.2",
      "resolved": "https://registry.npmjs.org/ms/-/ms-2.1.2.tgz",
      "integrity": "sha512-sGkPx+VjMtmA6MX27oA4FBFELFCZZ4S4XqeGOXCv68tT+jb3vk/RyaKWP0PTKyWtmLSM0b+adUTEvbs1PEaH2w==",
      "dev": true
    },
    "normalize-path": {
      "version": "3.0.0",
      "resolved": "https://registry.npmjs.org/normalize-path/-/normalize-path-3.0.0.tgz",
      "integrity": "sha512-6eZs5Ls3WtCisHWp9S2GUy8dqkpGi4BVSz3GaqiE6ezub0512ESztXUwUB6C6IKbQkY2Pnb/mD4WYojCRwcwLA==",
      "dev": true
    },
    "picomatch": {
      "version": "2.3.1",
      "resolved": "https://registry.npmjs.org/picomatch/-/picomatch-2.3.1.tgz",
      "integrity": "sha512-JU3teHTNjmE2VCGFzuY8EXzCDVwEqB2a8fsIvwaStHhAWJEeVd1o1QD80CU6+ZdEXXSLbSsuLwJjkCBWqRQUVA==",
      "dev": true
    },
    "pretty-format": {
      "version": "25.5.0",
      "resolved": "https://registry.npmjs.org/pretty-format/-/pretty-format-25.5.0.tgz",
      "integrity": "sha512-kbo/kq2LQ/A/is0PQwsEHM7Ca6//bGPPvU6UnsdDRSKTWxT/ru/xb88v4BJf6a69H+uTytOEsTusT9ksd/1iWQ==",
      "dev": true,
      "requires": {
        "@jest/types": "^25.5.0",
        "ansi-regex": "^5.0.0",
        "ansi-styles": "^4.0.0",
        "react-is": "^16.12.0"
      }
    },
    "react-is": {
      "version": "16.13.1",
      "resolved": "https://registry.npmjs.org/react-is/-/react-is-16.13.1.tgz",
      "integrity": "sha512-24e6ynE2H+OKt4kqsOvNd8kBpV65zoxbA4BVsEOB3ARVWQki/DHzaUoC5KuON/BiccDaCCTZBuOcfZs70kR8bQ==",
      "dev": true
    },
    "rfdc": {
      "version": "1.3.0",
      "resolved": "https://registry.npmjs.org/rfdc/-/rfdc-1.3.0.tgz",
      "integrity": "sha512-V2hovdzFbOi77/WajaSMXk2OLm+xNIeQdMMuB7icj7bk6zi2F8GGAxigcnDFpJHbNyNcgyJDiP+8nOrY5cZGrA==",
      "dev": true
    },
    "source-map": {
      "version": "0.6.1",
      "resolved": "https://registry.npmjs.org/source-map/-/source-map-0.6.1.tgz",
      "integrity": "sha512-UjgapumWlbMhkBgzT7Ykc5YXUT46F0iKu8SGXq0bcwP5dz/h0Plj6enJqjz1Zbq2l5WaqYnrVbwWOWMyF3F47g==",
      "dev": true
    },
    "streamroller": {
      "version": "3.1.1",
      "resolved": "https://registry.npmjs.org/streamroller/-/streamroller-3.1.1.tgz",
      "integrity": "sha512-iPhtd9unZ6zKdWgMeYGfSBuqCngyJy1B/GPi/lTpwGpa3bajuX30GjUVd0/Tn/Xhg0mr4DOSENozz9Y06qyonQ==",
      "dev": true,
      "requires": {
        "date-format": "^4.0.10",
        "debug": "^4.3.4",
        "fs-extra": "^10.1.0"
      }
    },
    "string-width": {
      "version": "4.2.3",
      "resolved": "https://registry.npmjs.org/string-width/-/string-width-4.2.3.tgz",
      "integrity": "sha512-wKyQRQpjJ0sIp62ErSZdGsjMJWsap5oRNihHhu6G7JVO/9jIB6UyevL+tXuOqrng8j/cxKTWyWUwvSTriiZz/g==",
      "dev": true,
      "requires": {
        "emoji-regex": "^8.0.0",
        "is-fullwidth-code-point": "^3.0.0",
        "strip-ansi": "^6.0.1"
      }
    },
    "strip-ansi": {
      "version": "6.0.1",
      "resolved": "https://registry.npmjs.org/strip-ansi/-/strip-ansi-6.0.1.tgz",
      "integrity": "sha512-Y38VPSHcqkFrCpFnQ9vuSXmquuv5oXOKpGeT6aGrr3o3Gc9AlVa6JBfUSOCnbxGGZF+/0ooI7KrPuUSztUdU5A==",
      "dev": true,
      "requires": {
        "ansi-regex": "^5.0.1"
      }
    },
    "supports-color": {
      "version": "7.2.0",
      "resolved": "https://registry.npmjs.org/supports-color/-/supports-color-7.2.0.tgz",
      "integrity": "sha512-qpCAvRl9stuOHveKsn7HncJRvv501qIacKzQlO/+Lwxc9+0q2wLyv4Dfvt80/DPn2pqOBsJdDiogXGR9+OvwRw==",
      "dev": true,
      "requires": {
        "has-flag": "^4.0.0"
      }
    },
    "tapable": {
      "version": "2.2.1",
      "resolved": "https://registry.npmjs.org/tapable/-/tapable-2.2.1.tgz",
      "integrity": "sha512-GNzQvQTOIP6RyTfE2Qxb8ZVlNmw0n88vp1szwWRimP02mnTsx3Wtn5qRdqY9w2XduFNUgvOwhNnQsjwCp+kqaQ==",
      "dev": true
    },
    "term-size": {
      "version": "2.2.1",
      "resolved": "https://registry.npmjs.org/term-size/-/term-size-2.2.1.tgz",
      "integrity": "sha512-wK0Ri4fOGjv/XPy8SBHZChl8CM7uMc5VML7SqiQ0zG7+J5Vr+RMQDoHa2CNT6KHUnTGIXH34UDMkPzAUyapBZg==",
      "dev": true
    },
    "to-fast-properties": {
      "version": "2.0.0",
      "resolved": "https://registry.npmjs.org/to-fast-properties/-/to-fast-properties-2.0.0.tgz",
      "integrity": "sha512-/OaKK0xYrs3DmxRYqL/yDc+FxFUVYhDlXMhRmv3z915w2HF1tnN1omB354j8VUGO/hbRzyD6Y3sA7v7GS/ceog==",
      "dev": true
    },
    "type-detect": {
      "version": "4.0.8",
      "resolved": "https://registry.npmjs.org/type-detect/-/type-detect-4.0.8.tgz",
      "integrity": "sha512-0fr/mIH1dlO+x7TlcMy+bIDqKPsw/70tVyeHW787goQjhmqaZe10uwLujubK9q9Lg6Fiho1KUKDYz0Z7k7g5/g==",
      "dev": true
    },
    "type-fest": {
      "version": "0.8.1",
      "resolved": "https://registry.npmjs.org/type-fest/-/type-fest-0.8.1.tgz",
      "integrity": "sha512-4dbzIzqvjtgiM5rw1k5rEHtBANKmdudhGyBEajN01fEyhaAIhsoKNy6y7+IN93IfpFtwY9iqi7kD+xwKhQsNJA==",
      "dev": true
    },
    "types-registry": {
      "version": "0.1.599",
      "resolved": "https://registry.npmjs.org/types-registry/-/types-registry-0.1.599.tgz",
      "integrity": "sha512-UVKIGYmLDNsLLxPd3xqPDeMfUV9sqSWInibMTpSPiRvaC6vZLfjNmkSw8YUPlSh1Cz61wEN3oJY2J7lq+xMTDQ=="
    },
    "universalify": {
      "version": "2.0.0",
      "resolved": "https://registry.npmjs.org/universalify/-/universalify-2.0.0.tgz",
      "integrity": "sha512-hAZsKq7Yy11Zu1DE0OzWjw7nnLZmJZYTDZZyEFHZdUhV8FkH5MCfoU1XMaxXovpyW5nq5scPqq0ZDP9Zyl04oQ==",
      "dev": true
    },
    "widest-line": {
      "version": "3.1.0",
      "resolved": "https://registry.npmjs.org/widest-line/-/widest-line-3.1.0.tgz",
      "integrity": "sha512-NsmoXalsWVDMGupxZ5R08ka9flZjjiLvHVAWYOKtiKM8ujtZWr9cRffak+uSE48+Ob8ObalXpwyeUiyDD6QFgg==",
      "dev": true,
      "requires": {
        "string-width": "^4.0.0"
      }
    }
  }
}
